
Microsoft Visual Studio Solution File, Format Version 12.00
# Visual Studio Version 17
VisualStudioVersion = 17.4.33213.308
MinimumVisualStudioVersion = 10.0.40219.1
Project("{FAE04EC0-301F-11D3-BF4B-00C04F79EFBC}") = "Lab1", "LabASP.NET\Lab1.csproj", "{82DD36F9-DAB5-48B8-B614-C964BFCA4E90}"
EndProject
Project("{FAE04EC0-301F-11D3-BF4B-00C04F79EFBC}") = "Lab2", "Lab2\Lab2.csproj", "{EA98EFD8-0422-45CB-8280-B153C756EF8D}"
EndProject
Project("{FAE04EC0-301F-11D3-BF4B-00C04F79EFBC}") = "Lab3", "Lab3\Lab3.csproj", "{A16A4F95-36BB-43B6-ABE7-1C94010A00F4}"
EndProject
Global
	GlobalSection(SolutionConfigurationPlatforms) = preSolution
		Debug|Any CPU = Debug|Any CPU
		Release|Any CPU = Release|Any CPU
	EndGlobalSection
	GlobalSection(ProjectConfigurationPlatforms) = postSolution
		{82DD36F9-DAB5-48B8-B614-C964BFCA4E90}.Debug|Any CPU.ActiveCfg = Debug|Any CPU
		{82DD36F9-DAB5-48B8-B614-C964BFCA4E90}.Debug|Any CPU.Build.0 = Debug|Any CPU
		{82DD36F9-DAB5-48B8-B614-C964BFCA4E90}.Release|Any CPU.ActiveCfg = Release|Any CPU
		{82DD36F9-DAB5-48B8-B614-C964BFCA4E90}.Release|Any CPU.Build.0 = Release|Any CPU
		{EA98EFD8-0422-45CB-8280-B153C756EF8D}.Debug|Any CPU.ActiveCfg = Debug|Any CPU
		{EA98EFD8-0422-45CB-8280-B153C756EF8D}.Debug|Any CPU.Build.0 = Debug|Any CPU
		{EA98EFD8-0422-45CB-8280-B153C756EF8D}.Release|Any CPU.ActiveCfg = Release|Any CPU
		{EA98EFD8-0422-45CB-8280-B153C756EF8D}.Release|Any CPU.Build.0 = Release|Any CPU
		{A16A4F95-36BB-43B6-ABE7-1C94010A00F4}.Debug|Any CPU.ActiveCfg = Debug|Any CPU
		{A16A4F95-36BB-43B6-ABE7-1C94010A00F4}.Debug|Any CPU.Build.0 = Debug|Any CPU
		{A16A4F95-36BB-43B6-ABE7-1C94010A00F4}.Release|Any CPU.ActiveCfg = Release|Any CPU
		{A16A4F95-36BB-43B6-ABE7-1C94010A00F4}.Release|Any CPU.Build.0 = Release|Any CPU
	EndGlobalSection
	GlobalSection(SolutionProperties) = preSolution
		HideSolutionNode = FALSE
	EndGlobalSection
	GlobalSection(ExtensibilityGlobals) = postSolution
		SolutionGuid = {A1F6F30B-A7AC-4707-A6F1-664B1D4711E7}
	EndGlobalSection
EndGlobal
